
Microsoft Visual Studio Solution File, Format Version 11.00
# Visual Studio 2010
Project("{FAE04EC0-301F-11D3-BF4B-00C04F79EFBC}") = "Ext.Net", "Ext.Net\Ext.Net.csproj", "{195F2E70-F5E6-4A61-AAD9-2639657C29C4}"
EndProject
Project("{FAE04EC0-301F-11D3-BF4B-00C04F79EFBC}") = "Ext.Net.Examples.MVC", "Ext.Net.Examples.MVC\Ext.Net.Examples.MVC.csproj", "{0D4BEEAD-B980-4E43-BBEB-B0BADE9D328C}"
EndProject
Project("{FAE04EC0-301F-11D3-BF4B-00C04F79EFBC}") = "Ext.Net.Examples", "Ext.Net.Examples\Ext.Net.Examples.csproj", "{3E7DEBDF-20A8-4BE7-8BDE-6A42C7AD91C1}"
EndProject
Global
	GlobalSection(SolutionConfigurationPlatforms) = preSolution
		Debug|Any CPU = Debug|Any CPU
		Release|Any CPU = Release|Any CPU
	EndGlobalSection
	GlobalSection(ProjectConfigurationPlatforms) = postSolution
		{195F2E70-F5E6-4A61-AAD9-2639657C29C4}.Debug|Any CPU.ActiveCfg = Debug|Any CPU
		{195F2E70-F5E6-4A61-AAD9-2639657C29C4}.Debug|Any CPU.Build.0 = Debug|Any CPU
		{195F2E70-F5E6-4A61-AAD9-2639657C29C4}.Release|Any CPU.ActiveCfg = Release|Any CPU
		{195F2E70-F5E6-4A61-AAD9-2639657C29C4}.Release|Any CPU.Build.0 = Release|Any CPU
		{0D4BEEAD-B980-4E43-BBEB-B0BADE9D328C}.Debug|Any CPU.ActiveCfg = Debug|Any CPU
		{0D4BEEAD-B980-4E43-BBEB-B0BADE9D328C}.Debug|Any CPU.Build.0 = Debug|Any CPU
		{0D4BEEAD-B980-4E43-BBEB-B0BADE9D328C}.Release|Any CPU.ActiveCfg = Release|Any CPU
		{0D4BEEAD-B980-4E43-BBEB-B0BADE9D328C}.Release|Any CPU.Build.0 = Release|Any CPU
		{3E7DEBDF-20A8-4BE7-8BDE-6A42C7AD91C1}.Debug|Any CPU.ActiveCfg = Debug|Any CPU
		{3E7DEBDF-20A8-4BE7-8BDE-6A42C7AD91C1}.Debug|Any CPU.Build.0 = Debug|Any CPU
		{3E7DEBDF-20A8-4BE7-8BDE-6A42C7AD91C1}.Release|Any CPU.ActiveCfg = Release|Any CPU
		{3E7DEBDF-20A8-4BE7-8BDE-6A42C7AD91C1}.Release|Any CPU.Build.0 = Release|Any CPU
	EndGlobalSection
	GlobalSection(SolutionProperties) = preSolution
		HideSolutionNode = FALSE
	EndGlobalSection
EndGlobal
